#MicroXplorer Configuration settings - do not modify
FREERTOS.FootprintOK=true
FREERTOS.IPParameters=Tasks01,FootprintOK,Mutexes01
FREERTOS.Mutexes01=RearMotor,Dynamic,NULL
FREERTOS.Tasks01=defaultTask,24,128,StartDefaultTask,Default,NULL,Dynamic,NULL,NULL;ShowTask,8,128,show,Default,NULL,Dynamic,NULL,NULL;MotorTask,8,128,motors,Default,NULL,Dynamic,NULL,NULL;EncoderTask,8,128,encoder_task,Default,NULL,Dynamic,NULL,NULL
File.Version=6
GPIO.groupedBy=Group By Peripherals
KeepUserPlacement=false
Mcu.Family=STM32F1
Mcu.IP0=FREERTOS
Mcu.IP1=NVIC
Mcu.IP2=RCC
Mcu.IP3=SYS
Mcu.IP4=TIM1
Mcu.IP5=TIM2
Mcu.IP6=TIM3
Mcu.IP7=TIM8
Mcu.IP8=USART3
Mcu.IPNb=9
Mcu.Name=STM32F103V(C-D-E)Tx
Mcu.Package=LQFP100
Mcu.Pin0=PE5
Mcu.Pin1=PE6
Mcu.Pin10=PE10
Mcu.Pin11=PE14
Mcu.Pin12=PC6
Mcu.Pin13=PC7
Mcu.Pin14=PA15
Mcu.Pin15=PC10
Mcu.Pin16=PC11
Mcu.Pin17=PB3
Mcu.Pin18=VP_FREERTOS_VS_CMSIS_V2
Mcu.Pin19=VP_SYS_VS_ND
Mcu.Pin2=PA2
Mcu.Pin20=VP_SYS_VS_Systick
Mcu.Pin21=VP_TIM1_VS_ClockSourceINT
Mcu.Pin22=VP_TIM8_VS_ClockSourceINT
Mcu.Pin23=VP_TIM8_VS_no_output1
Mcu.Pin24=VP_TIM8_VS_no_output2
Mcu.Pin3=PA3
Mcu.Pin4=PA4
Mcu.Pin5=PA5
Mcu.Pin6=PA6
Mcu.Pin7=PA7
Mcu.Pin8=PE7
Mcu.Pin9=PE8
Mcu.PinsNb=25
Mcu.ThirdPartyNb=0
Mcu.UserConstants=
Mcu.UserName=STM32F103VETx
MxCube.Version=6.3.0
MxDb.Version=DB.6.0.30
NVIC.BusFault_IRQn=true\:0\:0\:false\:false\:true\:false\:false\:false
NVIC.DebugMonitor_IRQn=true\:0\:0\:false\:false\:true\:false\:false\:false
NVIC.ForceEnableDMAVector=true
NVIC.HardFault_IRQn=true\:0\:0\:false\:false\:true\:false\:false\:false
NVIC.MemoryManagement_IRQn=true\:0\:0\:false\:false\:true\:false\:false\:false
NVIC.NonMaskableInt_IRQn=true\:0\:0\:false\:false\:true\:false\:false\:false
NVIC.PendSV_IRQn=true\:15\:0\:false\:false\:false\:true\:false\:false
NVIC.PriorityGroup=NVIC_PRIORITYGROUP_4
NVIC.SVCall_IRQn=true\:0\:0\:false\:false\:false\:false\:false\:false
NVIC.SavedPendsvIrqHandlerGenerated=true
NVIC.SavedSvcallIrqHandlerGenerated=true
NVIC.SavedSystickIrqHandlerGenerated=true
NVIC.SysTick_IRQn=true\:15\:0\:false\:false\:true\:true\:false\:true
NVIC.USART3_IRQn=true\:5\:0\:false\:false\:true\:true\:true\:true
NVIC.UsageFault_IRQn=true\:0\:0\:false\:false\:true\:false\:false\:false
PA15.Locked=true
PA15.Signal=S_TIM2_CH1_ETR
PA2.GPIOParameters=GPIO_Speed,GPIO_Label
PA2.GPIO_Label=AIN2
PA2.GPIO_Speed=GPIO_SPEED_FREQ_HIGH
PA2.Locked=true
PA2.Signal=GPIO_Output
PA3.GPIOParameters=GPIO_Speed,GPIO_Label
PA3.GPIO_Label=AIN1
PA3.GPIO_Speed=GPIO_SPEED_FREQ_HIGH
PA3.Locked=true
PA3.Signal=GPIO_Output
PA4.GPIOParameters=GPIO_Speed,GPIO_Label
PA4.GPIO_Label=BIN1
PA4.GPIO_Speed=GPIO_SPEED_FREQ_HIGH
PA4.Locked=true
PA4.Signal=GPIO_Output
PA5.GPIOParameters=GPIO_Speed,GPIO_Label
PA5.GPIO_Label=BIN2
PA5.GPIO_Speed=GPIO_SPEED_FREQ_HIGH
PA5.Locked=true
PA5.Signal=GPIO_Output
PA6.Locked=true
PA6.Signal=S_TIM3_CH1
PA7.Locked=true
PA7.Signal=S_TIM3_CH2
PB3.Locked=true
PB3.Signal=S_TIM2_CH2
PC10.Locked=true
PC10.Mode=Asynchronous
PC10.Signal=USART3_TX
PC11.Locked=true
PC11.Mode=Asynchronous
PC11.Signal=USART3_RX
PC6.GPIOParameters=GPIO_Label
PC6.GPIO_Label=PWMA
PC6.Locked=true
PC6.Signal=S_TIM8_CH1
PC7.GPIOParameters=GPIO_Label
PC7.GPIO_Label=PWMB
PC7.Locked=true
PC7.Signal=S_TIM8_CH2
PE10.GPIOParameters=GPIO_Label
PE10.GPIO_Label=LED3
PE10.Locked=true
PE10.Signal=GPIO_Output
PE14.Locked=true
PE14.Signal=S_TIM1_CH4
PE5.GPIOParameters=GPIO_Label
PE5.GPIO_Label=OLED_SCL
PE5.Locked=true
PE5.Signal=GPIO_Output
PE6.GPIOParameters=GPIO_Label
PE6.GPIO_Label=OLED_SDA
PE6.Locked=true
PE6.Signal=GPIO_Output
PE7.GPIOParameters=GPIO_Label
PE7.GPIO_Label=OLED_RST
PE7.Locked=true
PE7.Signal=GPIO_Output
PE8.GPIOParameters=GPIO_Label
PE8.GPIO_Label=OLED_DC
PE8.Locked=true
PE8.Signal=GPIO_Output
PinOutPanel.RotationAngle=0
ProjectManager.AskForMigrate=true
ProjectManager.BackupPrevious=false
ProjectManager.CompilerOptimize=6
ProjectManager.ComputerToolchain=false
ProjectManager.CoupleFile=false
ProjectManager.CustomerFirmwarePackage=
ProjectManager.DefaultFWLocation=true
ProjectManager.DeletePrevious=true
ProjectManager.DeviceId=STM32F103VETx
ProjectManager.FirmwarePackage=STM32Cube FW_F1 V1.8.4
ProjectManager.FreePins=false
ProjectManager.HalAssertFull=false
ProjectManager.HeapSize=0x200
ProjectManager.KeepUserCode=true
ProjectManager.LastFirmware=true
ProjectManager.LibraryCopy=1
ProjectManager.MainLocation=Core/Src
ProjectManager.NoMain=false
ProjectManager.PreviousToolchain=STM32CubeIDE
ProjectManager.ProjectBuild=false
ProjectManager.ProjectFileName=MDP_stm.ioc
ProjectManager.ProjectName=MDP_stm
ProjectManager.RegisterCallBack=
ProjectManager.StackSize=0x400
ProjectManager.TargetToolchain=STM32CubeIDE
ProjectManager.ToolChainLocation=
ProjectManager.UnderRoot=true
ProjectManager.functionlistsort=1-SystemClock_Config-RCC-false-HAL-false,2-MX_GPIO_Init-GPIO-false-HAL-true,3-MX_TIM8_Init-TIM8-false-HAL-true,4-MX_TIM2_Init-TIM2-false-HAL-true,5-MX_TIM1_Init-TIM1-false-HAL-true,6-MX_USART3_UART_Init-USART3-false-HAL-true,7-MX_TIM3_Init-TIM3-false-HAL-true
RCC.APB1Freq_Value=8000000
RCC.APB2Freq_Value=8000000
RCC.FamilyName=M
RCC.IPParameters=APB1Freq_Value,APB2Freq_Value,FamilyName,PLLCLKFreq_Value,PLLMCOFreq_Value,TimSysFreq_Value
RCC.PLLCLKFreq_Value=8000000
RCC.PLLMCOFreq_Value=4000000
RCC.TimSysFreq_Value=8000000
SH.S_TIM1_CH4.0=TIM1_CH4,PWM Generation4 CH4
SH.S_TIM1_CH4.ConfNb=1
SH.S_TIM2_CH1_ETR.0=TIM2_CH1,Encoder_Interface
SH.S_TIM2_CH1_ETR.ConfNb=1
SH.S_TIM2_CH2.0=TIM2_CH2,Encoder_Interface
SH.S_TIM2_CH2.ConfNb=1
SH.S_TIM3_CH1.0=TIM3_CH1,Encoder_Interface
SH.S_TIM3_CH1.ConfNb=1
SH.S_TIM3_CH2.0=TIM3_CH2,Encoder_Interface
SH.S_TIM3_CH2.ConfNb=1
SH.S_TIM8_CH1.0=TIM8_CH1
SH.S_TIM8_CH1.ConfNb=1
SH.S_TIM8_CH2.0=TIM8_CH2
SH.S_TIM8_CH2.ConfNb=1
TIM1.AutoReloadPreload=TIM_AUTORELOAD_PRELOAD_ENABLE
TIM1.Channel-PWM\ Generation4\ CH4=TIM_CHANNEL_4
TIM1.IPParameters=Channel-PWM Generation4 CH4,Prescaler,Period,AutoReloadPreload
TIM1.Period=1000
TIM1.Prescaler=160
TIM2.EncoderMode=TIM_ENCODERMODE_TI12
TIM2.IC1Filter=10
TIM2.IC2Filter=10
TIM2.IPParameters=EncoderMode,IC1Filter,IC2Filter
TIM3.EncoderMode=TIM_ENCODERMODE_TI12
TIM3.IC1Filter=10
TIM3.IPParameters=EncoderMode,IC1Filter
TIM8.AutoReloadPreload=TIM_AUTORELOAD_PRELOAD_DISABLE
TIM8.Channel-PWM\ Generation1\ No\ Output=TIM_CHANNEL_1
TIM8.Channel-PWM\ Generation2\ No\ Output=TIM_CHANNEL_2
TIM8.IPParameters=Period,TIM_MasterSlaveMode,AutoReloadPreload,Channel-PWM Generation1 No Output,Channel-PWM Generation2 No Output
TIM8.Period=7199
TIM8.TIM_MasterSlaveMode=TIM_MASTERSLAVEMODE_DISABLE
USART3.IPParameters=VirtualMode
USART3.VirtualMode=VM_ASYNC
VP_FREERTOS_VS_CMSIS_V2.Mode=CMSIS_V2
VP_FREERTOS_VS_CMSIS_V2.Signal=FREERTOS_VS_CMSIS_V2
VP_SYS_VS_ND.Mode=No_Debug
VP_SYS_VS_ND.Signal=SYS_VS_ND
VP_SYS_VS_Systick.Mode=SysTick
VP_SYS_VS_Systick.Signal=SYS_VS_Systick
VP_TIM1_VS_ClockSourceINT.Mode=Internal
VP_TIM1_VS_ClockSourceINT.Signal=TIM1_VS_ClockSourceINT
VP_TIM8_VS_ClockSourceINT.Mode=Internal
VP_TIM8_VS_ClockSourceINT.Signal=TIM8_VS_ClockSourceINT
VP_TIM8_VS_no_output1.Mode=PWM Generation1 No Output
VP_TIM8_VS_no_output1.Signal=TIM8_VS_no_output1
VP_TIM8_VS_no_output2.Mode=PWM Generation2 No Output
VP_TIM8_VS_no_output2.Signal=TIM8_VS_no_output2
board=custom
isbadioc=false
